
Microsoft Visual Studio Solution File, Format Version 12.00
# Visual Studio Version 17
VisualStudioVersion = 17.14.36414.22 d17.14
MinimumVisualStudioVersion = 10.0.40219.1
Project("{FAE04EC0-301F-11D3-BF4B-00C04F79EFBC}") = "Chainly", "Chainly\Chainly.csproj", "{C1BD91AE-56F2-4615-B09A-5B703149FA57}"
EndProject
Project("{FAE04EC0-301F-11D3-BF4B-00C04F79EFBC}") = "Chainly.Data", "Chainly.Data\Chainly.Data.csproj", "{75F9CB76-C13C-487F-BD0B-B8C14D3A7EEF}"
EndProject
Global
	GlobalSection(SolutionConfigurationPlatforms) = preSolution
		Debug|Any CPU = Debug|Any CPU
		Release|Any CPU = Release|Any CPU
	EndGlobalSection
	GlobalSection(ProjectConfigurationPlatforms) = postSolution
		{C1BD91AE-56F2-4615-B09A-5B703149FA57}.Debug|Any CPU.ActiveCfg = Debug|Any CPU
		{C1BD91AE-56F2-4615-B09A-5B703149FA57}.Debug|Any CPU.Build.0 = Debug|Any CPU
		{C1BD91AE-56F2-4615-B09A-5B703149FA57}.Release|Any CPU.ActiveCfg = Release|Any CPU
		{C1BD91AE-56F2-4615-B09A-5B703149FA57}.Release|Any CPU.Build.0 = Release|Any CPU
		{75F9CB76-C13C-487F-BD0B-B8C14D3A7EEF}.Debug|Any CPU.ActiveCfg = Debug|Any CPU
		{75F9CB76-C13C-487F-BD0B-B8C14D3A7EEF}.Debug|Any CPU.Build.0 = Debug|Any CPU
		{75F9CB76-C13C-487F-BD0B-B8C14D3A7EEF}.Release|Any CPU.ActiveCfg = Release|Any CPU
		{75F9CB76-C13C-487F-BD0B-B8C14D3A7EEF}.Release|Any CPU.Build.0 = Release|Any CPU
	EndGlobalSection
	GlobalSection(SolutionProperties) = preSolution
		HideSolutionNode = FALSE
	EndGlobalSection
	GlobalSection(ExtensibilityGlobals) = postSolution
		SolutionGuid = {2C1B60EF-592D-4EF2-8270-3A8ED0098C4B}
	EndGlobalSection
EndGlobal
